// !$*UTF8*$!
{
	archiveVersion = 1;
	classes = {
	};
	objectVersion = 77;
	objects = {

/* Begin PBXBuildFile section */
		BFC264122D1F14E600279D9E /* Localizable.xcstrings in Resources */ = {isa = PBXBuildFile; fileRef = BFC264112D1F14E600279D9E /* Localizable.xcstrings */; };
/* End PBXBuildFile section */

/* Begin PBXContainerItemProxy section */
		BFE3DE742D1E0707003E74A4 /* PBXContainerItemProxy */ = {
			isa = PBXContainerItemProxy;
			containerPortal = BFE3DE542D1E0705003E74A4 /* Project object */;
			proxyType = 1;
			remoteGlobalIDString = BFE3DE5B2D1E0706003E74A4;
			remoteInfo = Octopus_Agile_Helper;
		};
		BFE3DE7E2D1E0707003E74A4 /* PBXContainerItemProxy */ = {
			isa = PBXContainerItemProxy;
			containerPortal = BFE3DE542D1E0705003E74A4 /* Project object */;
			proxyType = 1;
			remoteGlobalIDString = BFE3DE5B2D1E0706003E74A4;
			remoteInfo = Octopus_Agile_Helper;
		};
/* End PBXContainerItemProxy section */

/* Begin PBXFileReference section */
		BFC264112D1F14E600279D9E /* Localizable.xcstrings */ = {isa = PBXFileReference; lastKnownFileType = text.json.xcstrings; path = Localizable.xcstrings; sourceTree = "<group>"; };
		BFE3DE5C2D1E0706003E74A4 /* Octopus_Agile_Helper.app */ = {isa = PBXFileReference; explicitFileType = wrapper.application; includeInIndex = 0; path = Octopus_Agile_Helper.app; sourceTree = BUILT_PRODUCTS_DIR; };
		BFE3DE732D1E0707003E74A4 /* Octopus_Agile_HelperTests.xctest */ = {isa = PBXFileReference; explicitFileType = wrapper.cfbundle; includeInIndex = 0; path = Octopus_Agile_HelperTests.xctest; sourceTree = BUILT_PRODUCTS_DIR; };
		BFE3DE7D2D1E0707003E74A4 /* Octopus_Agile_HelperUITests.xctest */ = {isa = PBXFileReference; explicitFileType = wrapper.cfbundle; includeInIndex = 0; path = Octopus_Agile_HelperUITests.xctest; sourceTree = BUILT_PRODUCTS_DIR; };
/* End PBXFileReference section */

/* Begin PBXFileSystemSynchronizedBuildFileExceptionSet section */
		BFE3DE852D1E0707003E74A4 /* Exceptions for "Octopus_Agile_Helper" folder in "Octopus_Agile_Helper" target */ = {
			isa = PBXFileSystemSynchronizedBuildFileExceptionSet;
			membershipExceptions = (
				Info.plist,
			);
			target = BFE3DE5B2D1E0706003E74A4 /* Octopus_Agile_Helper */;
		};
/* End PBXFileSystemSynchronizedBuildFileExceptionSet section */

/* Begin PBXFileSystemSynchronizedRootGroup section */
		BFE3DE5E2D1E0706003E74A4 /* Octopus_Agile_Helper */ = {
			isa = PBXFileSystemSynchronizedRootGroup;
			exceptions = (
				BFE3DE852D1E0707003E74A4 /* Exceptions for "Octopus_Agile_Helper" folder in "Octopus_Agile_Helper" target */,
			);
			path = Octopus_Agile_Helper;
			sourceTree = "<group>";
		};
		BFE3DE762D1E0707003E74A4 /* Octopus_Agile_HelperTests */ = {
			isa = PBXFileSystemSynchronizedRootGroup;
			path = Octopus_Agile_HelperTests;
			sourceTree = "<group>";
		};
		BFE3DE802D1E0707003E74A4 /* Octopus_Agile_HelperUITests */ = {
			isa = PBXFileSystemSynchronizedRootGroup;
			path = Octopus_Agile_HelperUITests;
			sourceTree = "<group>";
		};
/* End PBXFileSystemSynchronizedRootGroup section */

/* Begin PBXFrameworksBuildPhase section */
		BFE3DE592D1E0706003E74A4 /* Frameworks */ = {
			isa = PBXFrameworksBuildPhase;
			buildActionMask = 2147483647;
			files = (
			);
			runOnlyForDeploymentPostprocessing = 0;
		};
		BFE3DE702D1E0707003E74A4 /* Frameworks */ = {
			isa = PBXFrameworksBuildPhase;
			buildActionMask = 2147483647;
			files = (
			);
			runOnlyForDeploymentPostprocessing = 0;
		};
		BFE3DE7A2D1E0707003E74A4 /* Frameworks */ = {
			isa = PBXFrameworksBuildPhase;
			buildActionMask = 2147483647;
			files = (
			);
			runOnlyForDeploymentPostprocessing = 0;
		};
/* End PBXFrameworksBuildPhase section */

/* Begin PBXGroup section */
		BFE3DE532D1E0705003E74A4 = {
			isa = PBXGroup;
			children = (
				BFC264112D1F14E600279D9E /* Localizable.xcstrings */,
				BFE3DE5E2D1E0706003E74A4 /* Octopus_Agile_Helper */,
				BFE3DE762D1E0707003E74A4 /* Octopus_Agile_HelperTests */,
				BFE3DE802D1E0707003E74A4 /* Octopus_Agile_HelperUITests */,
				BFE3DE5D2D1E0706003E74A4 /* Products */,
			);
			sourceTree = "<group>";
		};
		BFE3DE5D2D1E0706003E74A4 /* Products */ = {
			isa = PBXGroup;
			children = (
				BFE3DE5C2D1E0706003E74A4 /* Octopus_Agile_Helper.app */,
				BFE3DE732D1E0707003E74A4 /* Octopus_Agile_HelperTests.xctest */,
				BFE3DE7D2D1E0707003E74A4 /* Octopus_Agile_HelperUITests.xctest */,
			);
			name = Products;
			sourceTree = "<group>";
		};
/* End PBXGroup section */

/* Begin PBXNativeTarget section */
		BFE3DE5B2D1E0706003E74A4 /* Octopus_Agile_Helper */ = {
			isa = PBXNativeTarget;
			buildConfigurationList = BFE3DE862D1E0707003E74A4 /* Build configuration list for PBXNativeTarget "Octopus_Agile_Helper" */;
			buildPhases = (
				BFE3DE582D1E0706003E74A4 /* Sources */,
				BFE3DE592D1E0706003E74A4 /* Frameworks */,
				BFE3DE5A2D1E0706003E74A4 /* Resources */,
			);
			buildRules = (
			);
			dependencies = (
			);
			fileSystemSynchronizedGroups = (
				BFE3DE5E2D1E0706003E74A4 /* Octopus_Agile_Helper */,
			);
			name = Octopus_Agile_Helper;
			packageProductDependencies = (
			);
			productName = Octopus_Agile_Helper;
			productReference = BFE3DE5C2D1E0706003E74A4 /* Octopus_Agile_Helper.app */;
			productType = "com.apple.product-type.application";
		};
		BFE3DE722D1E0707003E74A4 /* Octopus_Agile_HelperTests */ = {
			isa = PBXNativeTarget;
			buildConfigurationList = BFE3DE8B2D1E0707003E74A4 /* Build configuration list for PBXNativeTarget "Octopus_Agile_HelperTests" */;
			buildPhases = (
				BFE3DE6F2D1E0707003E74A4 /* Sources */,
				BFE3DE702D1E0707003E74A4 /* Frameworks */,
				BFE3DE712D1E0707003E74A4 /* Resources */,
			);
			buildRules = (
			);
			dependencies = (
				BFE3DE752D1E0707003E74A4 /* PBXTargetDependency */,
			);
			fileSystemSynchronizedGroups = (
				BFE3DE762D1E0707003E74A4 /* Octopus_Agile_HelperTests */,
			);
			name = Octopus_Agile_HelperTests;
			packageProductDependencies = (
			);
			productName = Octopus_Agile_HelperTests;
			productReference = BFE3DE732D1E0707003E74A4 /* Octopus_Agile_HelperTests.xctest */;
			productType = "com.apple.product-type.bundle.unit-test";
		};
		BFE3DE7C2D1E0707003E74A4 /* Octopus_Agile_HelperUITests */ = {
			isa = PBXNativeTarget;
			buildConfigurationList = BFE3DE8E2D1E0707003E74A4 /* Build configuration list for PBXNativeTarget "Octopus_Agile_HelperUITests" */;
			buildPhases = (
				BFE3DE792D1E0707003E74A4 /* Sources */,
				BFE3DE7A2D1E0707003E74A4 /* Frameworks */,
				BFE3DE7B2D1E0707003E74A4 /* Resources */,
			);
			buildRules = (
			);
			dependencies = (
				BFE3DE7F2D1E0707003E74A4 /* PBXTargetDependency */,
			);
			fileSystemSynchronizedGroups = (
				BFE3DE802D1E0707003E74A4 /* Octopus_Agile_HelperUITests */,
			);
			name = Octopus_Agile_HelperUITests;
			packageProductDependencies = (
			);
			productName = Octopus_Agile_HelperUITests;
			productReference = BFE3DE7D2D1E0707003E74A4 /* Octopus_Agile_HelperUITests.xctest */;
			productType = "com.apple.product-type.bundle.ui-testing";
		};
/* End PBXNativeTarget section */

/* Begin PBXProject section */
		BFE3DE542D1E0705003E74A4 /* Project object */ = {
			isa = PBXProject;
			attributes = {
				BuildIndependentTargetsInParallel = 1;
				LastSwiftUpdateCheck = 1600;
				LastUpgradeCheck = 1600;
				TargetAttributes = {
					BFE3DE5B2D1E0706003E74A4 = {
						CreatedOnToolsVersion = 16.0;
					};
					BFE3DE722D1E0707003E74A4 = {
						CreatedOnToolsVersion = 16.0;
						TestTargetID = BFE3DE5B2D1E0706003E74A4;
					};
					BFE3DE7C2D1E0707003E74A4 = {
						CreatedOnToolsVersion = 16.0;
						TestTargetID = BFE3DE5B2D1E0706003E74A4;
					};
				};
			};
			buildConfigurationList = BFE3DE572D1E0705003E74A4 /* Build configuration list for PBXProject "Octopus_Agile_Helper" */;
			developmentRegion = en;
			hasScannedForEncodings = 0;
			knownRegions = (
				en,
				Base,
				"zh-Hant",
			);
			mainGroup = BFE3DE532D1E0705003E74A4;
			minimizedProjectReferenceProxies = 1;
			preferredProjectObjectVersion = 77;
			productRefGroup = BFE3DE5D2D1E0706003E74A4 /* Products */;
			projectDirPath = "";
			projectRoot = "";
			targets = (
				BFE3DE5B2D1E0706003E74A4 /* Octopus_Agile_Helper */,
				BFE3DE722D1E0707003E74A4 /* Octopus_Agile_HelperTests */,
				BFE3DE7C2D1E0707003E74A4 /* Octopus_Agile_HelperUITests */,
			);
		};
/* End PBXProject section */

/* Begin PBXResourcesBuildPhase section */
		BFE3DE5A2D1E0706003E74A4 /* Resources */ = {
			isa = PBXResourcesBuildPhase;
			buildActionMask = 2147483647;
			files = (
				BFC264122D1F14E600279D9E /* Localizable.xcstrings in Resources */,
			);
			runOnlyForDeploymentPostprocessing = 0;
		};
		BFE3DE712D1E0707003E74A4 /* Resources */ = {
			isa = PBXResourcesBuildPhase;
			buildActionMask = 2147483647;
			files = (
			);
			runOnlyForDeploymentPostprocessing = 0;
		};
		BFE3DE7B2D1E0707003E74A4 /* Resources */ = {
			isa = PBXResourcesBuildPhase;
			buildActionMask = 2147483647;
			files = (
			);
			runOnlyForDeploymentPostprocessing = 0;
		};
/* End PBXResourcesBuildPhase section */

/* Begin PBXSourcesBuildPhase section */
		BFE3DE582D1E0706003E74A4 /* Sources */ = {
			isa = PBXSourcesBuildPhase;
			buildActionMask = 2147483647;
			files = (
			);
			runOnlyForDeploymentPostprocessing = 0;
		};
		BFE3DE6F2D1E0707003E74A4 /* Sources */ = {
			isa = PBXSourcesBuildPhase;
			buildActionMask = 2147483647;
			files = (
			);
			runOnlyForDeploymentPostprocessing = 0;
		};
		BFE3DE792D1E0707003E74A4 /* Sources */ = {
			isa = PBXSourcesBuildPhase;
			buildActionMask = 2147483647;
			files = (
			);
			runOnlyForDeploymentPostprocessing = 0;
		};
/* End PBXSourcesBuildPhase section */

/* Begin PBXTargetDependency section */
		BFE3DE752D1E0707003E74A4 /* PBXTargetDependency */ = {
			isa = PBXTargetDependency;
			target = BFE3DE5B2D1E0706003E74A4 /* Octopus_Agile_Helper */;
			targetProxy = BFE3DE742D1E0707003E74A4 /* PBXContainerItemProxy */;
		};
		BFE3DE7F2D1E0707003E74A4 /* PBXTargetDependency */ = {
			isa = PBXTargetDependency;
			target = BFE3DE5B2D1E0706003E74A4 /* Octopus_Agile_Helper */;
			targetProxy = BFE3DE7E2D1E0707003E74A4 /* PBXContainerItemProxy */;
		};
/* End PBXTargetDependency section */

/* Begin XCBuildConfiguration section */
		BFE3DE872D1E0707003E74A4 /* Debug */ = {
			isa = XCBuildConfiguration;
			buildSettings = {
				ASSETCATALOG_COMPILER_APPICON_NAME = AppIcon;
				ASSETCATALOG_COMPILER_GLOBAL_ACCENT_COLOR_NAME = AccentColor;
				CODE_SIGN_ENTITLEMENTS = Octopus_Agile_Helper/Octopus_Agile_Helper.entitlements;
				CODE_SIGN_STYLE = Automatic;
				CURRENT_PROJECT_VERSION = 1;
				DEVELOPMENT_ASSET_PATHS = "\"Octopus_Agile_Helper/Preview Content\"";
				DEVELOPMENT_TEAM = V45S7U2LZB;
				ENABLE_PREVIEWS = YES;
				GENERATE_INFOPLIST_FILE = YES;
				INFOPLIST_FILE = Octopus_Agile_Helper/Info.plist;
				INFOPLIST_KEY_LSApplicationCategoryType = "public.app-category.utilities";
				INFOPLIST_KEY_UIApplicationSceneManifest_Generation = YES;
				INFOPLIST_KEY_UIApplicationSupportsIndirectInputEvents = YES;
				INFOPLIST_KEY_UILaunchScreen_Generation = YES;
				INFOPLIST_KEY_UISupportedInterfaceOrientations = UIInterfaceOrientationPortrait;
				INFOPLIST_KEY_UISupportedInterfaceOrientations_iPad = "UIInterfaceOrientationLandscapeLeft UIInterfaceOrientationLandscapeRight UIInterfaceOrientationPortrait UIInterfaceOrientationPortraitUpsideDown";
				IPHONEOS_DEPLOYMENT_TARGET = 17.6;
				LD_RUNPATH_SEARCH_PATHS = (
					"$(inherited)",
					"@executable_path/Frameworks",
				);
				MARKETING_VERSION = 0.5;
				PRODUCT_BUNDLE_IDENTIFIER = "eugnel.Octopus-Agile-Helper";
				PRODUCT_NAME = "$(TARGET_NAME)";
				SWIFT_EMIT_LOC_STRINGS = YES;
				SWIFT_VERSION = 5.0;
				TARGETED_DEVICE_FAMILY = "1,2";
			};
			name = Debug;
		};
		BFE3DE882D1E0707003E74A4 /* Release */ = {
			isa = XCBuildConfiguration;
			buildSettings = {
				ASSETCATALOG_COMPILER_APPICON_NAME = AppIcon;
				ASSETCATALOG_COMPILER_GLOBAL_ACCENT_COLOR_NAME = AccentColor;
				CODE_SIGN_ENTITLEMENTS = Octopus_Agile_Helper/Octopus_Agile_Helper.entitlements;
				CODE_SIGN_STYLE = Automatic;
				CURRENT_PROJECT_VERSION = 1;
				DEVELOPMENT_ASSET_PATHS = "\"Octopus_Agile_Helper/Preview Content\"";
				DEVELOPMENT_TEAM = V45S7U2LZB;
				ENABLE_PREVIEWS = YES;
				GENERATE_INFOPLIST_FILE = YES;
				INFOPLIST_FILE = Octopus_Agile_Helper/Info.plist;
				INFOPLIST_KEY_LSApplicationCategoryType = "public.app-category.utilities";
				INFOPLIST_KEY_UIApplicationSceneManifest_Generation = YES;
				INFOPLIST_KEY_UIApplicationSupportsIndirectInputEvents = YES;
				INFOPLIST_KEY_UILaunchScreen_Generation = YES;
				INFOPLIST_KEY_UISupportedInterfaceOrientations = UIInterfaceOrientationPortrait;
				INFOPLIST_KEY_UISupportedInterfaceOrientations_iPad = "UIInterfaceOrientationLandscapeLeft UIInterfaceOrientationLandscapeRight UIInterfaceOrientationPortrait UIInterfaceOrientationPortraitUpsideDown";
				IPHONEOS_DEPLOYMENT_TARGET = 17.6;
				LD_RUNPATH_SEARCH_PATHS = (
					"$(inherited)",
					"@executable_path/Frameworks",
				);
				MARKETING_VERSION = 0.5;
				PRODUCT_BUNDLE_IDENTIFIER = "eugnel.Octopus-Agile-Helper";
				PRODUCT_NAME = "$(TARGET_NAME)";
				SWIFT_EMIT_LOC_STRINGS = YES;
				SWIFT_VERSION = 5.0;
				TARGETED_DEVICE_FAMILY = "1,2";
			};
			name = Release;
		};
		BFE3DE892D1E0707003E74A4 /* Debug */ = {
			isa = XCBuildConfiguration;
			buildSettings = {
				ALWAYS_SEARCH_USER_PATHS = NO;
				ASSETCATALOG_COMPILER_GENERATE_SWIFT_ASSET_SYMBOL_EXTENSIONS = YES;
				CLANG_ANALYZER_NONNULL = YES;
				CLANG_ANALYZER_NUMBER_OBJECT_CONVERSION = YES_AGGRESSIVE;
				CLANG_CXX_LANGUAGE_STANDARD = "gnu++20";
				CLANG_ENABLE_MODULES = YES;
				CLANG_ENABLE_OBJC_ARC = YES;
				CLANG_ENABLE_OBJC_WEAK = YES;
				CLANG_WARN_BLOCK_CAPTURE_AUTORELEASING = YES;
				CLANG_WARN_BOOL_CONVERSION = YES;
				CLANG_WARN_COMMA = YES;
				CLANG_WARN_CONSTANT_CONVERSION = YES;
				CLANG_WARN_DEPRECATED_OBJC_IMPLEMENTATIONS = YES;
				CLANG_WARN_DIRECT_OBJC_ISA_USAGE = YES_ERROR;
				CLANG_WARN_DOCUMENTATION_COMMENTS = YES;
				CLANG_WARN_EMPTY_BODY = YES;
				CLANG_WARN_ENUM_CONVERSION = YES;
				CLANG_WARN_INFINITE_RECURSION = YES;
				CLANG_WARN_INT_CONVERSION = YES;
				CLANG_WARN_NON_LITERAL_NULL_CONVERSION = YES;
				CLANG_WARN_OBJC_IMPLICIT_RETAIN_SELF = YES;
				CLANG_WARN_OBJC_LITERAL_CONVERSION = YES;
				CLANG_WARN_OBJC_ROOT_CLASS = YES_ERROR;
				CLANG_WARN_QUOTED_INCLUDE_IN_FRAMEWORK_HEADER = YES;
				CLANG_WARN_RANGE_LOOP_ANALYSIS = YES;
				CLANG_WARN_STRICT_PROTOTYPES = YES;
				CLANG_WARN_SUSPICIOUS_MOVE = YES;
				CLANG_WARN_UNGUARDED_AVAILABILITY = YES_AGGRESSIVE;
				CLANG_WARN_UNREACHABLE_CODE = YES;
				CLANG_WARN__DUPLICATE_METHOD_MATCH = YES;
				COPY_PHASE_STRIP = NO;
				DEBUG_INFORMATION_FORMAT = dwarf;
				ENABLE_STRICT_OBJC_MSGSEND = YES;
				ENABLE_TESTABILITY = YES;
				ENABLE_USER_SCRIPT_SANDBOXING = YES;
				GCC_C_LANGUAGE_STANDARD = gnu17;
				GCC_DYNAMIC_NO_PIC = NO;
				GCC_NO_COMMON_BLOCKS = YES;
				GCC_OPTIMIZATION_LEVEL = 0;
				GCC_PREPROCESSOR_DEFINITIONS = (
					"DEBUG=1",
					"$(inherited)",
				);
				GCC_WARN_64_TO_32_BIT_CONVERSION = YES;
				GCC_WARN_ABOUT_RETURN_TYPE = YES_ERROR;
				GCC_WARN_UNDECLARED_SELECTOR = YES;
				GCC_WARN_UNINITIALIZED_AUTOS = YES_AGGRESSIVE;
				GCC_WARN_UNUSED_FUNCTION = YES;
				GCC_WARN_UNUSED_VARIABLE = YES;
				IPHONEOS_DEPLOYMENT_TARGET = 18.0;
				LOCALIZATION_PREFERS_STRING_CATALOGS = YES;
				MTL_ENABLE_DEBUG_INFO = INCLUDE_SOURCE;
				MTL_FAST_MATH = YES;
				ONLY_ACTIVE_ARCH = YES;
				SDKROOT = iphoneos;
				SWIFT_ACTIVE_COMPILATION_CONDITIONS = "DEBUG $(inherited)";
				SWIFT_EMIT_LOC_STRINGS = YES;
				SWIFT_OPTIMIZATION_LEVEL = "-Onone";
			};
			name = Debug;
		};
		BFE3DE8A2D1E0707003E74A4 /* Release */ = {
			isa = XCBuildConfiguration;
			buildSettings = {
				ALWAYS_SEARCH_USER_PATHS = NO;
				ASSETCATALOG_COMPILER_GENERATE_SWIFT_ASSET_SYMBOL_EXTENSIONS = YES;
				CLANG_ANALYZER_NONNULL = YES;
				CLANG_ANALYZER_NUMBER_OBJECT_CONVERSION = YES_AGGRESSIVE;
				CLANG_CXX_LANGUAGE_STANDARD = "gnu++20";
				CLANG_ENABLE_MODULES = YES;
				CLANG_ENABLE_OBJC_ARC = YES;
				CLANG_ENABLE_OBJC_WEAK = YES;
				CLANG_WARN_BLOCK_CAPTURE_AUTORELEASING = YES;
				CLANG_WARN_BOOL_CONVERSION = YES;
				CLANG_WARN_COMMA = YES;
				CLANG_WARN_CONSTANT_CONVERSION = YES;
				CLANG_WARN_DEPRECATED_OBJC_IMPLEMENTATIONS = YES;
				CLANG_WARN_DIRECT_OBJC_ISA_USAGE = YES_ERROR;
				CLANG_WARN_DOCUMENTATION_COMMENTS = YES;
				CLANG_WARN_EMPTY_BODY = YES;
				CLANG_WARN_ENUM_CONVERSION = YES;
				CLANG_WARN_INFINITE_RECURSION = YES;
				CLANG_WARN_INT_CONVERSION = YES;
				CLANG_WARN_NON_LITERAL_NULL_CONVERSION = YES;
				CLANG_WARN_OBJC_IMPLICIT_RETAIN_SELF = YES;
				CLANG_WARN_OBJC_LITERAL_CONVERSION = YES;
				CLANG_WARN_OBJC_ROOT_CLASS = YES_ERROR;
				CLANG_WARN_QUOTED_INCLUDE_IN_FRAMEWORK_HEADER = YES;
				CLANG_WARN_RANGE_LOOP_ANALYSIS = YES;
				CLANG_WARN_STRICT_PROTOTYPES = YES;
				CLANG_WARN_SUSPICIOUS_MOVE = YES;
				CLANG_WARN_UNGUARDED_AVAILABILITY = YES_AGGRESSIVE;
				CLANG_WARN_UNREACHABLE_CODE = YES;
				CLANG_WARN__DUPLICATE_METHOD_MATCH = YES;
				COPY_PHASE_STRIP = NO;
				DEBUG_INFORMATION_FORMAT = "dwarf-with-dsym";
				ENABLE_NS_ASSERTIONS = NO;
				ENABLE_STRICT_OBJC_MSGSEND = YES;
				ENABLE_USER_SCRIPT_SANDBOXING = YES;
				GCC_C_LANGUAGE_STANDARD = gnu17;
				GCC_NO_COMMON_BLOCKS = YES;
				GCC_WARN_64_TO_32_BIT_CONVERSION = YES;
				GCC_WARN_ABOUT_RETURN_TYPE = YES_ERROR;
				GCC_WARN_UNDECLARED_SELECTOR = YES;
				GCC_WARN_UNINITIALIZED_AUTOS = YES_AGGRESSIVE;
				GCC_WARN_UNUSED_FUNCTION = YES;
				GCC_WARN_UNUSED_VARIABLE = YES;
				IPHONEOS_DEPLOYMENT_TARGET = 18.0;
				LOCALIZATION_PREFERS_STRING_CATALOGS = YES;
				MTL_ENABLE_DEBUG_INFO = NO;
				MTL_FAST_MATH = YES;
				SDKROOT = iphoneos;
				SWIFT_COMPILATION_MODE = wholemodule;
				SWIFT_EMIT_LOC_STRINGS = YES;
				VALIDATE_PRODUCT = YES;
			};
			name = Release;
		};
		BFE3DE8C2D1E0707003E74A4 /* Debug */ = {
			isa = XCBuildConfiguration;
			buildSettings = {
				BUNDLE_LOADER = "$(TEST_HOST)";
				CODE_SIGN_STYLE = Automatic;
				CURRENT_PROJECT_VERSION = 1;
				DEVELOPMENT_TEAM = 835KUC95M7;
				GENERATE_INFOPLIST_FILE = YES;
				IPHONEOS_DEPLOYMENT_TARGET = 18.0;
				MARKETING_VERSION = 1.0;
				PRODUCT_BUNDLE_IDENTIFIER = "eugnel.Octopus-Agile-HelperTests";
				PRODUCT_NAME = "$(TARGET_NAME)";
				SWIFT_EMIT_LOC_STRINGS = NO;
				SWIFT_VERSION = 5.0;
				TARGETED_DEVICE_FAMILY = "1,2";
				TEST_HOST = "$(BUILT_PRODUCTS_DIR)/Octopus_Agile_Helper.app/$(BUNDLE_EXECUTABLE_FOLDER_PATH)/Octopus_Agile_Helper";
			};
			name = Debug;
		};
		BFE3DE8D2D1E0707003E74A4 /* Release */ = {
			isa = XCBuildConfiguration;
			buildSettings = {
				BUNDLE_LOADER = "$(TEST_HOST)";
				CODE_SIGN_STYLE = Automatic;
				CURRENT_PROJECT_VERSION = 1;
				DEVELOPMENT_TEAM = 835KUC95M7;
				GENERATE_INFOPLIST_FILE = YES;
				IPHONEOS_DEPLOYMENT_TARGET = 18.0;
				MARKETING_VERSION = 1.0;
				PRODUCT_BUNDLE_IDENTIFIER = "eugnel.Octopus-Agile-HelperTests";
				PRODUCT_NAME = "$(TARGET_NAME)";
				SWIFT_EMIT_LOC_STRINGS = NO;
				SWIFT_VERSION = 5.0;
				TARGETED_DEVICE_FAMILY = "1,2";
				TEST_HOST = "$(BUILT_PRODUCTS_DIR)/Octopus_Agile_Helper.app/$(BUNDLE_EXECUTABLE_FOLDER_PATH)/Octopus_Agile_Helper";
			};
			name = Release;
		};
		BFE3DE8F2D1E0707003E74A4 /* Debug */ = {
			isa = XCBuildConfiguration;
			buildSettings = {
				CODE_SIGN_STYLE = Automatic;
				CURRENT_PROJECT_VERSION = 1;
				DEVELOPMENT_TEAM = 835KUC95M7;
				GENERATE_INFOPLIST_FILE = YES;
				MARKETING_VERSION = 1.0;
				PRODUCT_BUNDLE_IDENTIFIER = "eugnel.Octopus-Agile-HelperUITests";
				PRODUCT_NAME = "$(TARGET_NAME)";
				SWIFT_EMIT_LOC_STRINGS = NO;
				SWIFT_VERSION = 5.0;
				TARGETED_DEVICE_FAMILY = "1,2";
				TEST_TARGET_NAME = Octopus_Agile_Helper;
			};
			name = Debug;
		};
		BFE3DE902D1E0707003E74A4 /* Release */ = {
			isa = XCBuildConfiguration;
			buildSettings = {
				CODE_SIGN_STYLE = Automatic;
				CURRENT_PROJECT_VERSION = 1;
				DEVELOPMENT_TEAM = 835KUC95M7;
				GENERATE_INFOPLIST_FILE = YES;
				MARKETING_VERSION = 1.0;
				PRODUCT_BUNDLE_IDENTIFIER = "eugnel.Octopus-Agile-HelperUITests";
				PRODUCT_NAME = "$(TARGET_NAME)";
				SWIFT_EMIT_LOC_STRINGS = NO;
				SWIFT_VERSION = 5.0;
				TARGETED_DEVICE_FAMILY = "1,2";
				TEST_TARGET_NAME = Octopus_Agile_Helper;
			};
			name = Release;
		};
/* End XCBuildConfiguration section */

/* Begin XCConfigurationList section */
		BFE3DE572D1E0705003E74A4 /* Build configuration list for PBXProject "Octopus_Agile_Helper" */ = {
			isa = XCConfigurationList;
			buildConfigurations = (
				BFE3DE892D1E0707003E74A4 /* Debug */,
				BFE3DE8A2D1E0707003E74A4 /* Release */,
			);
			defaultConfigurationIsVisible = 0;
			defaultConfigurationName = Release;
		};
		BFE3DE862D1E0707003E74A4 /* Build configuration list for PBXNativeTarget "Octopus_Agile_Helper" */ = {
			isa = XCConfigurationList;
			buildConfigurations = (
				BFE3DE872D1E0707003E74A4 /* Debug */,
				BFE3DE882D1E0707003E74A4 /* Release */,
			);
			defaultConfigurationIsVisible = 0;
			defaultConfigurationName = Release;
		};
		BFE3DE8B2D1E0707003E74A4 /* Build configuration list for PBXNativeTarget "Octopus_Agile_HelperTests" */ = {
			isa = XCConfigurationList;
			buildConfigurations = (
				BFE3DE8C2D1E0707003E74A4 /* Debug */,
				BFE3DE8D2D1E0707003E74A4 /* Release */,
			);
			defaultConfigurationIsVisible = 0;
			defaultConfigurationName = Release;
		};
		BFE3DE8E2D1E0707003E74A4 /* Build configuration list for PBXNativeTarget "Octopus_Agile_HelperUITests" */ = {
			isa = XCConfigurationList;
			buildConfigurations = (
				BFE3DE8F2D1E0707003E74A4 /* Debug */,
				BFE3DE902D1E0707003E74A4 /* Release */,
			);
			defaultConfigurationIsVisible = 0;
			defaultConfigurationName = Release;
		};
/* End XCConfigurationList section */
	};
	rootObject = BFE3DE542D1E0705003E74A4 /* Project object */;
}
